
Microsoft Visual Studio Solution File, Format Version 12.00
# Visual Studio 15
Project("{FAE04EC0-301F-11D3-BF4B-00C04F79EFBC}") = "Assembly-CSharp", "Assembly-CSharp.csproj", "{5CBBFB69-6058-9D08-BBEA-24B636092872}"
EndProject
Project("{FAE04EC0-301F-11D3-BF4B-00C04F79EFBC}") = "Assembly-CSharp-Editor", "Assembly-CSharp-Editor.csproj", "{5C2B7F74-FC12-4E48-DFAC-BC89B487A3DA}"
EndProject
Global
	GlobalSection(SolutionConfigurationPlatforms) = preSolution
		Debug|Any CPU = Debug|Any CPU
		Release|Any CPU = Release|Any CPU
	EndGlobalSection
	GlobalSection(ProjectConfigurationPlatforms) = postSolution
		{5CBBFB69-6058-9D08-BBEA-24B636092872}.Debug|Any CPU.ActiveCfg = Debug|Any CPU
		{5CBBFB69-6058-9D08-BBEA-24B636092872}.Debug|Any CPU.Build.0 = Debug|Any CPU
		{5CBBFB69-6058-9D08-BBEA-24B636092872}.Release|Any CPU.ActiveCfg = Release|Any CPU
		{5CBBFB69-6058-9D08-BBEA-24B636092872}.Release|Any CPU.Build.0 = Release|Any CPU
		{5C2B7F74-FC12-4E48-DFAC-BC89B487A3DA}.Debug|Any CPU.ActiveCfg = Debug|Any CPU
		{5C2B7F74-FC12-4E48-DFAC-BC89B487A3DA}.Debug|Any CPU.Build.0 = Debug|Any CPU
		{5C2B7F74-FC12-4E48-DFAC-BC89B487A3DA}.Release|Any CPU.ActiveCfg = Release|Any CPU
		{5C2B7F74-FC12-4E48-DFAC-BC89B487A3DA}.Release|Any CPU.Build.0 = Release|Any CPU
	EndGlobalSection
	GlobalSection(SolutionProperties) = preSolution
		HideSolutionNode = FALSE
	EndGlobalSection
EndGlobal
